
Microsoft Visual Studio Solution File, Format Version 12.00
# Visual Studio Version 16
VisualStudioVersion = 16.0.29409.12
MinimumVisualStudioVersion = 10.0.40219.1
Project("{FAE04EC0-301F-11D3-BF4B-00C04F79EFBC}") = "MVCApp", "MVCApp\MVCApp.csproj", "{1DFBB2AF-B121-4A72-9A18-C214E366A865}"
EndProject
Project("{FAE04EC0-301F-11D3-BF4B-00C04F79EFBC}") = "DataLibrary", "DataLibrary\DataLibrary.csproj", "{D586F9EA-CF10-4651-90C0-E6D3878D6845}"
EndProject
Global
	GlobalSection(SolutionConfigurationPlatforms) = preSolution
		Debug|Any CPU = Debug|Any CPU
		Release|Any CPU = Release|Any CPU
	EndGlobalSection
	GlobalSection(ProjectConfigurationPlatforms) = postSolution
		{1DFBB2AF-B121-4A72-9A18-C214E366A865}.Debug|Any CPU.ActiveCfg = Debug|Any CPU
		{1DFBB2AF-B121-4A72-9A18-C214E366A865}.Debug|Any CPU.Build.0 = Debug|Any CPU
		{1DFBB2AF-B121-4A72-9A18-C214E366A865}.Release|Any CPU.ActiveCfg = Release|Any CPU
		{1DFBB2AF-B121-4A72-9A18-C214E366A865}.Release|Any CPU.Build.0 = Release|Any CPU
		{D586F9EA-CF10-4651-90C0-E6D3878D6845}.Debug|Any CPU.ActiveCfg = Debug|Any CPU
		{D586F9EA-CF10-4651-90C0-E6D3878D6845}.Debug|Any CPU.Build.0 = Debug|Any CPU
		{D586F9EA-CF10-4651-90C0-E6D3878D6845}.Release|Any CPU.ActiveCfg = Release|Any CPU
		{D586F9EA-CF10-4651-90C0-E6D3878D6845}.Release|Any CPU.Build.0 = Release|Any CPU
	EndGlobalSection
	GlobalSection(SolutionProperties) = preSolution
		HideSolutionNode = FALSE
	EndGlobalSection
	GlobalSection(ExtensibilityGlobals) = postSolution
		SolutionGuid = {843FAFA5-9C1A-4B33-B543-F6A3CACB798A}
	EndGlobalSection
EndGlobal
